{
  "originHash" : "e6c30bdc8c15f59ddcc3a29a34621843315f29a5db897fe3881ceaa0e62516a0",
  "pins" : [
    {
      "identity" : "versaui",
      "kind" : "remoteSourceControl",
      "location" : "https://github.com/andarwaly/VersaUI.git",
      "state" : {
        "branch" : "main",
        "revision" : "973c4c5912e08b2fdf3728098dd8495bcd148f00"
      }
    }
  ],
  "version" : 3
}
